
Microsoft Visual Studio Solution File, Format Version 12.00
# Visual Studio Version 17
VisualStudioVersion = 17.0.31912.275
MinimumVisualStudioVersion = 10.0.40219.1
Project("{FAE04EC0-301F-11D3-BF4B-00C04F79EFBC}") = "ISA Simulator", "ISA Simulator\ISA Simulator.csproj", "{EA8E89BF-AFB0-4085-8491-209FE55AD7FA}"
EndProject
Global
	GlobalSection(SolutionConfigurationPlatforms) = preSolution
		Debug|Any CPU = Debug|Any CPU
		Release|Any CPU = Release|Any CPU
	EndGlobalSection
	GlobalSection(ProjectConfigurationPlatforms) = postSolution
		{EA8E89BF-AFB0-4085-8491-209FE55AD7FA}.Debug|Any CPU.ActiveCfg = Debug|Any CPU
		{EA8E89BF-AFB0-4085-8491-209FE55AD7FA}.Debug|Any CPU.Build.0 = Debug|Any CPU
		{EA8E89BF-AFB0-4085-8491-209FE55AD7FA}.Release|Any CPU.ActiveCfg = Release|Any CPU
		{EA8E89BF-AFB0-4085-8491-209FE55AD7FA}.Release|Any CPU.Build.0 = Release|Any CPU
	EndGlobalSection
	GlobalSection(SolutionProperties) = preSolution
		HideSolutionNode = FALSE
	EndGlobalSection
	GlobalSection(ExtensibilityGlobals) = postSolution
		SolutionGuid = {A5399B94-DBC5-4C26-9C76-DE6832941DB3}
	EndGlobalSection
EndGlobal
